
Microsoft Visual Studio Solution File, Format Version 12.00
# Visual Studio 15
VisualStudioVersion = 15.0.26124.0
MinimumVisualStudioVersion = 15.0.26124.0
Project("{FAE04EC0-301F-11D3-BF4B-00C04F79EFBC}") = "ArchitecturePatterns.NET.CDK", "src\ArchitecturePatterns.NET.CDK\ArchitecturePatterns.NET.CDK.csproj", "{28CEC9FD-2AE0-4184-AFB6-E6D7A21DB8F3}"
EndProject
Project("{FAE04EC0-301F-11D3-BF4B-00C04F79EFBC}") = "CreateOrderHandler", "src\Handlers\src\CreateOrderHandler\CreateOrderHandler.csproj", "{2417939C-695B-4AF3-AA98-F6FDE135DC02}"
EndProject
Project("{FAE04EC0-301F-11D3-BF4B-00C04F79EFBC}") = "MessageProcessor.Tests", "src\Handlers\test\MessageProcessor.Tests\MessageProcessor.Tests.csproj", "{6AA7D036-481B-4627-B14B-BCB18EF3AF33}"
EndProject
Project("{FAE04EC0-301F-11D3-BF4B-00C04F79EFBC}") = "MessageProcessor.Shared", "src\Handlers\src\MessageProcessor.Shared\MessageProcessor.Shared.csproj", "{A65B8BF8-52B5-4E93-88F5-0244A706449D}"
EndProject
Project("{FAE04EC0-301F-11D3-BF4B-00C04F79EFBC}") = "MessageProcessor.Orders", "src\Handlers\src\MessageProcessor.Orders\MessageProcessor.Orders\MessageProcessor.Orders.csproj", "{F589A6C5-0D0C-4E89-874A-FD51A73AB1F4}"
EndProject
Project("{FAE04EC0-301F-11D3-BF4B-00C04F79EFBC}") = "GetOrderStatusHandler", "src\Handlers\src\GetOrderStatusHandler\GetOrderStatusHandler.csproj", "{AA781AA7-7078-4466-99B5-1B989BA65036}"
EndProject
Project("{2150E333-8FDC-42A3-9474-1A3956D46DE8}") = "OrderHandlers", "OrderHandlers", "{47E1BC03-0BDB-4076-AE66-4119CA31441D}"
EndProject
Project("{FAE04EC0-301F-11D3-BF4B-00C04F79EFBC}") = "OrderStatusChangeEventPublisher", "src\Handlers\src\OrderStatusChangeEventPublisher\OrderStatusChangeEventPublisher.csproj", "{B9BB00F1-FC18-4C9E-BF10-678876C604AB}"
EndProject
Project("{FAE04EC0-301F-11D3-BF4B-00C04F79EFBC}") = "ReprocessFailedMessages", "src\Handlers\src\ReprocessFailedMessages\ReprocessFailedMessages.csproj", "{03D5F353-B3FC-49E1-8107-CB33CA44EF19}"
EndProject
Project("{2150E333-8FDC-42A3-9474-1A3956D46DE8}") = "CustomerHandlers", "CustomerHandlers", "{0124E1B0-2EC0-4775-A139-7A1A044F631A}"
EndProject
Project("{FAE04EC0-301F-11D3-BF4B-00C04F79EFBC}") = "CustomerOrderCreatedEventHandler", "src\Handlers\src\Customers\CustomerOrderCreatedEventHandler\CustomerOrderCreatedEventHandler.csproj", "{74D4AF27-A20B-406E-9FB7-6726A4732D61}"
EndProject
Global
	GlobalSection(SolutionConfigurationPlatforms) = preSolution
		Debug|Any CPU = Debug|Any CPU
		Debug|x64 = Debug|x64
		Debug|x86 = Debug|x86
		Release|Any CPU = Release|Any CPU
		Release|x64 = Release|x64
		Release|x86 = Release|x86
	EndGlobalSection
	GlobalSection(SolutionProperties) = preSolution
		HideSolutionNode = FALSE
	EndGlobalSection
	GlobalSection(ProjectConfigurationPlatforms) = postSolution
		{28CEC9FD-2AE0-4184-AFB6-E6D7A21DB8F3}.Debug|Any CPU.ActiveCfg = Debug|Any CPU
		{28CEC9FD-2AE0-4184-AFB6-E6D7A21DB8F3}.Debug|Any CPU.Build.0 = Debug|Any CPU
		{28CEC9FD-2AE0-4184-AFB6-E6D7A21DB8F3}.Debug|x64.ActiveCfg = Debug|Any CPU
		{28CEC9FD-2AE0-4184-AFB6-E6D7A21DB8F3}.Debug|x64.Build.0 = Debug|Any CPU
		{28CEC9FD-2AE0-4184-AFB6-E6D7A21DB8F3}.Debug|x86.ActiveCfg = Debug|Any CPU
		{28CEC9FD-2AE0-4184-AFB6-E6D7A21DB8F3}.Debug|x86.Build.0 = Debug|Any CPU
		{28CEC9FD-2AE0-4184-AFB6-E6D7A21DB8F3}.Release|Any CPU.ActiveCfg = Release|Any CPU
		{28CEC9FD-2AE0-4184-AFB6-E6D7A21DB8F3}.Release|Any CPU.Build.0 = Release|Any CPU
		{28CEC9FD-2AE0-4184-AFB6-E6D7A21DB8F3}.Release|x64.ActiveCfg = Release|Any CPU
		{28CEC9FD-2AE0-4184-AFB6-E6D7A21DB8F3}.Release|x64.Build.0 = Release|Any CPU
		{28CEC9FD-2AE0-4184-AFB6-E6D7A21DB8F3}.Release|x86.ActiveCfg = Release|Any CPU
		{28CEC9FD-2AE0-4184-AFB6-E6D7A21DB8F3}.Release|x86.Build.0 = Release|Any CPU
		{2417939C-695B-4AF3-AA98-F6FDE135DC02}.Debug|Any CPU.ActiveCfg = Debug|Any CPU
		{2417939C-695B-4AF3-AA98-F6FDE135DC02}.Debug|Any CPU.Build.0 = Debug|Any CPU
		{2417939C-695B-4AF3-AA98-F6FDE135DC02}.Debug|x64.ActiveCfg = Debug|Any CPU
		{2417939C-695B-4AF3-AA98-F6FDE135DC02}.Debug|x64.Build.0 = Debug|Any CPU
		{2417939C-695B-4AF3-AA98-F6FDE135DC02}.Debug|x86.ActiveCfg = Debug|Any CPU
		{2417939C-695B-4AF3-AA98-F6FDE135DC02}.Debug|x86.Build.0 = Debug|Any CPU
		{2417939C-695B-4AF3-AA98-F6FDE135DC02}.Release|Any CPU.ActiveCfg = Release|Any CPU
		{2417939C-695B-4AF3-AA98-F6FDE135DC02}.Release|Any CPU.Build.0 = Release|Any CPU
		{2417939C-695B-4AF3-AA98-F6FDE135DC02}.Release|x64.ActiveCfg = Release|Any CPU
		{2417939C-695B-4AF3-AA98-F6FDE135DC02}.Release|x64.Build.0 = Release|Any CPU
		{2417939C-695B-4AF3-AA98-F6FDE135DC02}.Release|x86.ActiveCfg = Release|Any CPU
		{2417939C-695B-4AF3-AA98-F6FDE135DC02}.Release|x86.Build.0 = Release|Any CPU
		{6AA7D036-481B-4627-B14B-BCB18EF3AF33}.Debug|Any CPU.ActiveCfg = Debug|Any CPU
		{6AA7D036-481B-4627-B14B-BCB18EF3AF33}.Debug|Any CPU.Build.0 = Debug|Any CPU
		{6AA7D036-481B-4627-B14B-BCB18EF3AF33}.Debug|x64.ActiveCfg = Debug|Any CPU
		{6AA7D036-481B-4627-B14B-BCB18EF3AF33}.Debug|x64.Build.0 = Debug|Any CPU
		{6AA7D036-481B-4627-B14B-BCB18EF3AF33}.Debug|x86.ActiveCfg = Debug|Any CPU
		{6AA7D036-481B-4627-B14B-BCB18EF3AF33}.Debug|x86.Build.0 = Debug|Any CPU
		{6AA7D036-481B-4627-B14B-BCB18EF3AF33}.Release|Any CPU.ActiveCfg = Release|Any CPU
		{6AA7D036-481B-4627-B14B-BCB18EF3AF33}.Release|Any CPU.Build.0 = Release|Any CPU
		{6AA7D036-481B-4627-B14B-BCB18EF3AF33}.Release|x64.ActiveCfg = Release|Any CPU
		{6AA7D036-481B-4627-B14B-BCB18EF3AF33}.Release|x64.Build.0 = Release|Any CPU
		{6AA7D036-481B-4627-B14B-BCB18EF3AF33}.Release|x86.ActiveCfg = Release|Any CPU
		{6AA7D036-481B-4627-B14B-BCB18EF3AF33}.Release|x86.Build.0 = Release|Any CPU
		{A65B8BF8-52B5-4E93-88F5-0244A706449D}.Debug|Any CPU.ActiveCfg = Debug|Any CPU
		{A65B8BF8-52B5-4E93-88F5-0244A706449D}.Debug|Any CPU.Build.0 = Debug|Any CPU
		{A65B8BF8-52B5-4E93-88F5-0244A706449D}.Debug|x64.ActiveCfg = Debug|Any CPU
		{A65B8BF8-52B5-4E93-88F5-0244A706449D}.Debug|x64.Build.0 = Debug|Any CPU
		{A65B8BF8-52B5-4E93-88F5-0244A706449D}.Debug|x86.ActiveCfg = Debug|Any CPU
		{A65B8BF8-52B5-4E93-88F5-0244A706449D}.Debug|x86.Build.0 = Debug|Any CPU
		{A65B8BF8-52B5-4E93-88F5-0244A706449D}.Release|Any CPU.ActiveCfg = Release|Any CPU
		{A65B8BF8-52B5-4E93-88F5-0244A706449D}.Release|Any CPU.Build.0 = Release|Any CPU
		{A65B8BF8-52B5-4E93-88F5-0244A706449D}.Release|x64.ActiveCfg = Release|Any CPU
		{A65B8BF8-52B5-4E93-88F5-0244A706449D}.Release|x64.Build.0 = Release|Any CPU
		{A65B8BF8-52B5-4E93-88F5-0244A706449D}.Release|x86.ActiveCfg = Release|Any CPU
		{A65B8BF8-52B5-4E93-88F5-0244A706449D}.Release|x86.Build.0 = Release|Any CPU
		{F589A6C5-0D0C-4E89-874A-FD51A73AB1F4}.Debug|Any CPU.ActiveCfg = Debug|Any CPU
		{F589A6C5-0D0C-4E89-874A-FD51A73AB1F4}.Debug|Any CPU.Build.0 = Debug|Any CPU
		{F589A6C5-0D0C-4E89-874A-FD51A73AB1F4}.Debug|x64.ActiveCfg = Debug|Any CPU
		{F589A6C5-0D0C-4E89-874A-FD51A73AB1F4}.Debug|x64.Build.0 = Debug|Any CPU
		{F589A6C5-0D0C-4E89-874A-FD51A73AB1F4}.Debug|x86.ActiveCfg = Debug|Any CPU
		{F589A6C5-0D0C-4E89-874A-FD51A73AB1F4}.Debug|x86.Build.0 = Debug|Any CPU
		{F589A6C5-0D0C-4E89-874A-FD51A73AB1F4}.Release|Any CPU.ActiveCfg = Release|Any CPU
		{F589A6C5-0D0C-4E89-874A-FD51A73AB1F4}.Release|Any CPU.Build.0 = Release|Any CPU
		{F589A6C5-0D0C-4E89-874A-FD51A73AB1F4}.Release|x64.ActiveCfg = Release|Any CPU
		{F589A6C5-0D0C-4E89-874A-FD51A73AB1F4}.Release|x64.Build.0 = Release|Any CPU
		{F589A6C5-0D0C-4E89-874A-FD51A73AB1F4}.Release|x86.ActiveCfg = Release|Any CPU
		{F589A6C5-0D0C-4E89-874A-FD51A73AB1F4}.Release|x86.Build.0 = Release|Any CPU
		{AA781AA7-7078-4466-99B5-1B989BA65036}.Debug|Any CPU.ActiveCfg = Debug|Any CPU
		{AA781AA7-7078-4466-99B5-1B989BA65036}.Debug|Any CPU.Build.0 = Debug|Any CPU
		{AA781AA7-7078-4466-99B5-1B989BA65036}.Debug|x64.ActiveCfg = Debug|Any CPU
		{AA781AA7-7078-4466-99B5-1B989BA65036}.Debug|x64.Build.0 = Debug|Any CPU
		{AA781AA7-7078-4466-99B5-1B989BA65036}.Debug|x86.ActiveCfg = Debug|Any CPU
		{AA781AA7-7078-4466-99B5-1B989BA65036}.Debug|x86.Build.0 = Debug|Any CPU
		{AA781AA7-7078-4466-99B5-1B989BA65036}.Release|Any CPU.ActiveCfg = Release|Any CPU
		{AA781AA7-7078-4466-99B5-1B989BA65036}.Release|Any CPU.Build.0 = Release|Any CPU
		{AA781AA7-7078-4466-99B5-1B989BA65036}.Release|x64.ActiveCfg = Release|Any CPU
		{AA781AA7-7078-4466-99B5-1B989BA65036}.Release|x64.Build.0 = Release|Any CPU
		{AA781AA7-7078-4466-99B5-1B989BA65036}.Release|x86.ActiveCfg = Release|Any CPU
		{AA781AA7-7078-4466-99B5-1B989BA65036}.Release|x86.Build.0 = Release|Any CPU
		{B9BB00F1-FC18-4C9E-BF10-678876C604AB}.Debug|Any CPU.ActiveCfg = Debug|Any CPU
		{B9BB00F1-FC18-4C9E-BF10-678876C604AB}.Debug|Any CPU.Build.0 = Debug|Any CPU
		{B9BB00F1-FC18-4C9E-BF10-678876C604AB}.Debug|x64.ActiveCfg = Debug|Any CPU
		{B9BB00F1-FC18-4C9E-BF10-678876C604AB}.Debug|x64.Build.0 = Debug|Any CPU
		{B9BB00F1-FC18-4C9E-BF10-678876C604AB}.Debug|x86.ActiveCfg = Debug|Any CPU
		{B9BB00F1-FC18-4C9E-BF10-678876C604AB}.Debug|x86.Build.0 = Debug|Any CPU
		{B9BB00F1-FC18-4C9E-BF10-678876C604AB}.Release|Any CPU.ActiveCfg = Release|Any CPU
		{B9BB00F1-FC18-4C9E-BF10-678876C604AB}.Release|Any CPU.Build.0 = Release|Any CPU
		{B9BB00F1-FC18-4C9E-BF10-678876C604AB}.Release|x64.ActiveCfg = Release|Any CPU
		{B9BB00F1-FC18-4C9E-BF10-678876C604AB}.Release|x64.Build.0 = Release|Any CPU
		{B9BB00F1-FC18-4C9E-BF10-678876C604AB}.Release|x86.ActiveCfg = Release|Any CPU
		{B9BB00F1-FC18-4C9E-BF10-678876C604AB}.Release|x86.Build.0 = Release|Any CPU
		{03D5F353-B3FC-49E1-8107-CB33CA44EF19}.Debug|Any CPU.ActiveCfg = Debug|Any CPU
		{03D5F353-B3FC-49E1-8107-CB33CA44EF19}.Debug|Any CPU.Build.0 = Debug|Any CPU
		{03D5F353-B3FC-49E1-8107-CB33CA44EF19}.Debug|x64.ActiveCfg = Debug|Any CPU
		{03D5F353-B3FC-49E1-8107-CB33CA44EF19}.Debug|x64.Build.0 = Debug|Any CPU
		{03D5F353-B3FC-49E1-8107-CB33CA44EF19}.Debug|x86.ActiveCfg = Debug|Any CPU
		{03D5F353-B3FC-49E1-8107-CB33CA44EF19}.Debug|x86.Build.0 = Debug|Any CPU
		{03D5F353-B3FC-49E1-8107-CB33CA44EF19}.Release|Any CPU.ActiveCfg = Release|Any CPU
		{03D5F353-B3FC-49E1-8107-CB33CA44EF19}.Release|Any CPU.Build.0 = Release|Any CPU
		{03D5F353-B3FC-49E1-8107-CB33CA44EF19}.Release|x64.ActiveCfg = Release|Any CPU
		{03D5F353-B3FC-49E1-8107-CB33CA44EF19}.Release|x64.Build.0 = Release|Any CPU
		{03D5F353-B3FC-49E1-8107-CB33CA44EF19}.Release|x86.ActiveCfg = Release|Any CPU
		{03D5F353-B3FC-49E1-8107-CB33CA44EF19}.Release|x86.Build.0 = Release|Any CPU
		{74D4AF27-A20B-406E-9FB7-6726A4732D61}.Debug|Any CPU.ActiveCfg = Debug|Any CPU
		{74D4AF27-A20B-406E-9FB7-6726A4732D61}.Debug|Any CPU.Build.0 = Debug|Any CPU
		{74D4AF27-A20B-406E-9FB7-6726A4732D61}.Debug|x64.ActiveCfg = Debug|Any CPU
		{74D4AF27-A20B-406E-9FB7-6726A4732D61}.Debug|x64.Build.0 = Debug|Any CPU
		{74D4AF27-A20B-406E-9FB7-6726A4732D61}.Debug|x86.ActiveCfg = Debug|Any CPU
		{74D4AF27-A20B-406E-9FB7-6726A4732D61}.Debug|x86.Build.0 = Debug|Any CPU
		{74D4AF27-A20B-406E-9FB7-6726A4732D61}.Release|Any CPU.ActiveCfg = Release|Any CPU
		{74D4AF27-A20B-406E-9FB7-6726A4732D61}.Release|Any CPU.Build.0 = Release|Any CPU
		{74D4AF27-A20B-406E-9FB7-6726A4732D61}.Release|x64.ActiveCfg = Release|Any CPU
		{74D4AF27-A20B-406E-9FB7-6726A4732D61}.Release|x64.Build.0 = Release|Any CPU
		{74D4AF27-A20B-406E-9FB7-6726A4732D61}.Release|x86.ActiveCfg = Release|Any CPU
		{74D4AF27-A20B-406E-9FB7-6726A4732D61}.Release|x86.Build.0 = Release|Any CPU
	EndGlobalSection
	GlobalSection(NestedProjects) = preSolution
		{2417939C-695B-4AF3-AA98-F6FDE135DC02} = {47E1BC03-0BDB-4076-AE66-4119CA31441D}
		{AA781AA7-7078-4466-99B5-1B989BA65036} = {47E1BC03-0BDB-4076-AE66-4119CA31441D}
		{F589A6C5-0D0C-4E89-874A-FD51A73AB1F4} = {47E1BC03-0BDB-4076-AE66-4119CA31441D}
		{A65B8BF8-52B5-4E93-88F5-0244A706449D} = {47E1BC03-0BDB-4076-AE66-4119CA31441D}
		{6AA7D036-481B-4627-B14B-BCB18EF3AF33} = {47E1BC03-0BDB-4076-AE66-4119CA31441D}
		{B9BB00F1-FC18-4C9E-BF10-678876C604AB} = {47E1BC03-0BDB-4076-AE66-4119CA31441D}
		{03D5F353-B3FC-49E1-8107-CB33CA44EF19} = {47E1BC03-0BDB-4076-AE66-4119CA31441D}
		{74D4AF27-A20B-406E-9FB7-6726A4732D61} = {0124E1B0-2EC0-4775-A139-7A1A044F631A}
	EndGlobalSection
EndGlobal
